// !$*UTF8*$!
{
	archiveVersion = 1;
	classes = {
	};
	objectVersion = 46;
	objects = {

/* Begin PBXBuildFile section */
		5ECDBDB419E3E21500ADABC8 /* AppDelegate.swift in Sources */ = {isa = PBXBuildFile; fileRef = 5ECDBDB319E3E21500ADABC8 /* AppDelegate.swift */; };
		5ECDBDB619E3E21500ADABC8 /* ViewController.swift in Sources */ = {isa = PBXBuildFile; fileRef = 5ECDBDB519E3E21500ADABC8 /* ViewController.swift */; };
		5ECDBDB919E3E21500ADABC8 /* Main.storyboard in Resources */ = {isa = PBXBuildFile; fileRef = 5ECDBDB719E3E21500ADABC8 /* Main.storyboard */; };
		5ECDBDBB19E3E21500ADABC8 /* Images.xcassets in Resources */ = {isa = PBXBuildFile; fileRef = 5ECDBDBA19E3E21500ADABC8 /* Images.xcassets */; };
		5ECDBDBE19E3E21500ADABC8 /* LaunchScreen.xib in Resources */ = {isa = PBXBuildFile; fileRef = 5ECDBDBC19E3E21500ADABC8 /* LaunchScreen.xib */; };
		5ECDBDCA19E3E21600ADABC8 /* projectTests.swift in Sources */ = {isa = PBXBuildFile; fileRef = 5ECDBDC919E3E21600ADABC8 /* projectTests.swift */; };
/* End PBXBuildFile section */

/* Begin PBXContainerItemProxy section */
		5ECDBDC419E3E21600ADABC8 /* PBXContainerItemProxy */ = {
			isa = PBXContainerItemProxy;
			containerPortal = 5ECDBDA619E3E21500ADABC8 /* Project object */;
			proxyType = 1;
			remoteGlobalIDString = 5ECDBDAD19E3E21500ADABC8;
			remoteInfo = project;
		};
/* End PBXContainerItemProxy section */

/* Begin PBXFileReference section */
		5ECDBDAE19E3E21500ADABC8 /* project.app */ = {isa = PBXFileReference; explicitFileType = wrapper.application; includeInIndex = 0; path = project.app; sourceTree = BUILT_PRODUCTS_DIR; };
		5ECDBDB219E3E21500ADABC8 /* Info.plist */ = {isa = PBXFileReference; lastKnownFileType = text.plist.xml; path = Info.plist; sourceTree = "<group>"; };
		5ECDBDB319E3E21500ADABC8 /* AppDelegate.swift */ = {isa = PBXFileReference; lastKnownFileType = sourcecode.swift; path = AppDelegate.swift; sourceTree = "<group>"; };
		5ECDBDB519E3E21500ADABC8 /* ViewController.swift */ = {isa = PBXFileReference; lastKnownFileType = sourcecode.swift; path = ViewController.swift; sourceTree = "<group>"; };
		5ECDBDB819E3E21500ADABC8 /* Base */ = {isa = PBXFileReference; lastKnownFileType = file.storyboard; name = Base; path = Base.lproj/Main.storyboard; sourceTree = "<group>"; };
		5ECDBDBA19E3E21500ADABC8 /* Images.xcassets */ = {isa = PBXFileReference; lastKnownFileType = folder.assetcatalog; path = Images.xcassets; sourceTree = "<group>"; };
		5ECDBDBD19E3E21500ADABC8 /* Base */ = {isa = PBXFileReference; lastKnownFileType = file.xib; name = Base; path = Base.lproj/LaunchScreen.xib; sourceTree = "<group>"; };
		5ECDBDC319E3E21600ADABC8 /* projectTests.xctest */ = {isa = PBXFileReference; explicitFileType = wrapper.cfbundle; includeInIndex = 0; path = projectTests.xctest; sourceTree = BUILT_PRODUCTS_DIR; };
		5ECDBDC819E3E21600ADABC8 /* Info.plist */ = {isa = PBXFileReference; lastKnownFileType = text.plist.xml; path = Info.plist; sourceTree = "<group>"; };
		5ECDBDC919E3E21600ADABC8 /* projectTests.swift */ = {isa = PBXFileReference; lastKnownFileType = sourcecode.swift; path = projectTests.swift; sourceTree = "<group>"; };
/* End PBXFileReference section */

/* Begin PBXFrameworksBuildPhase section */
		5ECDBDAB19E3E21500ADABC8 /* Frameworks */ = {
			isa = PBXFrameworksBuildPhase;
			buildActionMask = 2147483647;
			files = (
			);
			runOnlyForDeploymentPostprocessing = 0;
		};
		5ECDBDC019E3E21600ADABC8 /* Frameworks */ = {
			isa = PBXFrameworksBuildPhase;
			buildActionMask = 2147483647;
			files = (
			);
			runOnlyForDeploymentPostprocessing = 0;
		};
/* End PBXFrameworksBuildPhase section */

/* Begin PBXGroup section */
		5ECDBDA519E3E21500ADABC8 = {
			isa = PBXGroup;
			children = (
				5ECDBDB019E3E21500ADABC8 /* project */,
				5ECDBDC619E3E21600ADABC8 /* projectTests */,
				5ECDBDAF19E3E21500ADABC8 /* Products */,
			);
			sourceTree = "<group>";
		};
		5ECDBDAF19E3E21500ADABC8 /* Products */ = {
			isa = PBXGroup;
			children = (
				5ECDBDAE19E3E21500ADABC8 /* project.app */,
				5ECDBDC319E3E21600ADABC8 /* projectTests.xctest */,
			);
			name = Products;
			sourceTree = "<group>";
		};
		5ECDBDB019E3E21500ADABC8 /* project */ = {
			isa = PBXGroup;
			children = (
				5ECDBDB319E3E21500ADABC8 /* AppDelegate.swift */,
				5ECDBDB519E3E21500ADABC8 /* ViewController.swift */,
				5ECDBDB719E3E21500ADABC8 /* Main.storyboard */,
				5ECDBDBA19E3E21500ADABC8 /* Images.xcassets */,
				5ECDBDBC19E3E21500ADABC8 /* LaunchScreen.xib */,
				5ECDBDB119E3E21500ADABC8 /* Supporting Files */,
			);
			path = project;
			sourceTree = "<group>";
		};
		5ECDBDB119E3E21500ADABC8 /* Supporting Files */ = {
			isa = PBXGroup;
			children = (
				5ECDBDB219E3E21500ADABC8 /* Info.plist */,
			);
			name = "Supporting Files";
			sourceTree = "<group>";
		};
		5ECDBDC619E3E21600ADABC8 /* projectTests */ = {
			isa = PBXGroup;
			children = (
				5ECDBDC919E3E21600ADABC8 /* projectTests.swift */,
				5ECDBDC719E3E21600ADABC8 /* Supporting Files */,
			);
			path = projectTests;
			sourceTree = "<group>";
		};
		5ECDBDC719E3E21600ADABC8 /* Supporting Files */ = {
			isa = PBXGroup;
			children = (
				5ECDBDC819E3E21600ADABC8 /* Info.plist */,
			);
			name = "Supporting Files";
			sourceTree = "<group>";
		};
/* End PBXGroup section */

/* Begin PBXNativeTarget section */
		5ECDBDAD19E3E21500ADABC8 /* project */ = {
			isa = PBXNativeTarget;
			buildConfigurationList = 5ECDBDCD19E3E21600ADABC8 /* Build configuration list for PBXNativeTarget "project" */;
			buildPhases = (
				5ECDBDAA19E3E21500ADABC8 /* Sources */,
				5ECDBDAB19E3E21500ADABC8 /* Frameworks */,
				5ECDBDAC19E3E21500ADABC8 /* Resources */,
			);
			buildRules = (
			);
			dependencies = (
			);
			name = project;
			productName = project;
			productReference = 5ECDBDAE19E3E21500ADABC8 /* project.app */;
			productType = "com.apple.product-type.application";
		};
		5ECDBDC219E3E21600ADABC8 /* projectTests */ = {
			isa = PBXNativeTarget;
			buildConfigurationList = 5ECDBDD019E3E21600ADABC8 /* Build configuration list for PBXNativeTarget "projectTests" */;
			buildPhases = (
				5ECDBDBF19E3E21600ADABC8 /* Sources */,
				5ECDBDC019E3E21600ADABC8 /* Frameworks */,
				5ECDBDC119E3E21600ADABC8 /* Resources */,
			);
			buildRules = (
			);
			dependencies = (
				5ECDBDC519E3E21600ADABC8 /* PBXTargetDependency */,
			);
			name = projectTests;
			productName = projectTests;
			productReference = 5ECDBDC319E3E21600ADABC8 /* projectTests.xctest */;
			productType = "com.apple.product-type.bundle.unit-test";
		};
/* End PBXNativeTarget section */

/* Begin PBXProject section */
		5ECDBDA619E3E21500ADABC8 /* Project object */ = {
			isa = PBXProject;
			attributes = {
				LastUpgradeCheck = 0600;
				ORGANIZATIONNAME = Savean;
				TargetAttributes = {
					5ECDBDAD19E3E21500ADABC8 = {
						CreatedOnToolsVersion = 6.0.1;
					};
					5ECDBDC219E3E21600ADABC8 = {
						CreatedOnToolsVersion = 6.0.1;
						TestTargetID = 5ECDBDAD19E3E21500ADABC8;
					};
				};
			};
			buildConfigurationList = 5ECDBDA919E3E21500ADABC8 /* Build configuration list for PBXProject "project" */;
			compatibilityVersion = "Xcode 3.2";
			developmentRegion = English;
			hasScannedForEncodings = 0;
			knownRegions = (
				en,
				Base,
			);
			mainGroup = 5ECDBDA519E3E21500ADABC8;
			productRefGroup = 5ECDBDAF19E3E21500ADABC8 /* Products */;
			projectDirPath = "";
			projectRoot = "";
			targets = (
				5ECDBDAD19E3E21500ADABC8 /* project */,
				5ECDBDC219E3E21600ADABC8 /* projectTests */,
			);
		};
/* End PBXProject section */

/* Begin PBXResourcesBuildPhase section */
		5ECDBDAC19E3E21500ADABC8 /* Resources */ = {
			isa = PBXResourcesBuildPhase;
			buildActionMask = 2147483647;
			files = (
				5ECDBDB919E3E21500ADABC8 /* Main.storyboard in Resources */,
				5ECDBDBE19E3E21500ADABC8 /* LaunchScreen.xib in Resources */,
				5ECDBDBB19E3E21500ADABC8 /* Images.xcassets in Resources */,
			);
			runOnlyForDeploymentPostprocessing = 0;
		};
		5ECDBDC119E3E21600ADABC8 /* Resources */ = {
			isa = PBXResourcesBuildPhase;
			buildActionMask = 2147483647;
			files = (
			);
			runOnlyForDeploymentPostprocessing = 0;
		};
/* End PBXResourcesBuildPhase section */

/* Begin PBXSourcesBuildPhase section */
		5ECDBDAA19E3E21500ADABC8 /* Sources */ = {
			isa = PBXSourcesBuildPhase;
			buildActionMask = 2147483647;
			files = (
				5ECDBDB619E3E21500ADABC8 /* ViewController.swift in Sources */,
				5ECDBDB419E3E21500ADABC8 /* AppDelegate.swift in Sources */,
			);
			runOnlyForDeploymentPostprocessing = 0;
		};
		5ECDBDBF19E3E21600ADABC8 /* Sources */ = {
			isa = PBXSourcesBuildPhase;
			buildActionMask = 2147483647;
			files = (
				5ECDBDCA19E3E21600ADABC8 /* projectTests.swift in Sources */,
			);
			runOnlyForDeploymentPostprocessing = 0;
		};
/* End PBXSourcesBuildPhase section */

/* Begin PBXTargetDependency section */
		5ECDBDC519E3E21600ADABC8 /* PBXTargetDependency */ = {
			isa = PBXTargetDependency;
			target = 5ECDBDAD19E3E21500ADABC8 /* project */;
			targetProxy = 5ECDBDC419E3E21600ADABC8 /* PBXContainerItemProxy */;
		};
/* End PBXTargetDependency section */

/* Begin PBXVariantGroup section */
		5ECDBDB719E3E21500ADABC8 /* Main.storyboard */ = {
			isa = PBXVariantGroup;
			children = (
				5ECDBDB819E3E21500ADABC8 /* Base */,
			);
			name = Main.storyboard;
			sourceTree = "<group>";
		};
		5ECDBDBC19E3E21500ADABC8 /* LaunchScreen.xib */ = {
			isa = PBXVariantGroup;
			children = (
				5ECDBDBD19E3E21500ADABC8 /* Base */,
			);
			name = LaunchScreen.xib;
			sourceTree = "<group>";
		};
/* End PBXVariantGroup section */

/* Begin XCBuildConfiguration section */
		5ECDBDCB19E3E21600ADABC8 /* Debug */ = {
			isa = XCBuildConfiguration;
			buildSettings = {
				ALWAYS_SEARCH_USER_PATHS = NO;
				CLANG_CXX_LANGUAGE_STANDARD = "gnu++0x";
				CLANG_CXX_LIBRARY = "libc++";
				CLANG_ENABLE_MODULES = YES;
				CLANG_ENABLE_OBJC_ARC = YES;
				CLANG_WARN_BOOL_CONVERSION = YES;
				CLANG_WARN_CONSTANT_CONVERSION = YES;
				CLANG_WARN_DIRECT_OBJC_ISA_USAGE = YES_ERROR;
				CLANG_WARN_EMPTY_BODY = YES;
				CLANG_WARN_ENUM_CONVERSION = YES;
				CLANG_WARN_INT_CONVERSION = YES;
				CLANG_WARN_OBJC_ROOT_CLASS = YES_ERROR;
				CLANG_WARN_UNREACHABLE_CODE = YES;
				CLANG_WARN__DUPLICATE_METHOD_MATCH = YES;
				"CODE_SIGN_IDENTITY[sdk=iphoneos*]" = "iPhone Developer";
				COPY_PHASE_STRIP = NO;
				ENABLE_STRICT_OBJC_MSGSEND = YES;
				GCC_C_LANGUAGE_STANDARD = gnu99;
				GCC_DYNAMIC_NO_PIC = NO;
				GCC_OPTIMIZATION_LEVEL = 0;
				GCC_PREPROCESSOR_DEFINITIONS = (
					"DEBUG=1",
					"$(inherited)",
				);
				GCC_SYMBOLS_PRIVATE_EXTERN = NO;
				GCC_WARN_64_TO_32_BIT_CONVERSION = YES;
				GCC_WARN_ABOUT_RETURN_TYPE = YES_ERROR;
				GCC_WARN_UNDECLARED_SELECTOR = YES;
				GCC_WARN_UNINITIALIZED_AUTOS = YES_AGGRESSIVE;
				GCC_WARN_UNUSED_FUNCTION = YES;
				GCC_WARN_UNUSED_VARIABLE = YES;
				IPHONEOS_DEPLOYMENT_TARGET = 8.0;
				MTL_ENABLE_DEBUG_INFO = YES;
				ONLY_ACTIVE_ARCH = YES;
				SDKROOT = iphoneos;
				SWIFT_OPTIMIZATION_LEVEL = "-Onone";
				TARGETED_DEVICE_FAMILY = "1,2";
			};
			name = Debug;
		};
		5ECDBDCC19E3E21600ADABC8 /* Release */ = {
			isa = XCBuildConfiguration;
			buildSettings = {
				ALWAYS_SEARCH_USER_PATHS = NO;
				CLANG_CXX_LANGUAGE_STANDARD = "gnu++0x";
				CLANG_CXX_LIBRARY = "libc++";
				CLANG_ENABLE_MODULES = YES;
				CLANG_ENABLE_OBJC_ARC = YES;
				CLANG_WARN_BOOL_CONVERSION = YES;
				CLANG_WARN_CONSTANT_CONVERSION = YES;
				CLANG_WARN_DIRECT_OBJC_ISA_USAGE = YES_ERROR;
				CLANG_WARN_EMPTY_BODY = YES;
				CLANG_WARN_ENUM_CONVERSION = YES;
				CLANG_WARN_INT_CONVERSION = YES;
				CLANG_WARN_OBJC_ROOT_CLASS = YES_ERROR;
				CLANG_WARN_UNREACHABLE_CODE = YES;
				CLANG_WARN__DUPLICATE_METHOD_MATCH = YES;
				"CODE_SIGN_IDENTITY[sdk=iphoneos*]" = "iPhone Developer";
				COPY_PHASE_STRIP = YES;
				ENABLE_NS_ASSERTIONS = NO;
				ENABLE_STRICT_OBJC_MSGSEND = YES;
				GCC_C_LANGUAGE_STANDARD = gnu99;
				GCC_WARN_64_TO_32_BIT_CONVERSION = YES;
				GCC_WARN_ABOUT_RETURN_TYPE = YES_ERROR;
				GCC_WARN_UNDECLARED_SELECTOR = YES;
				GCC_WARN_UNINITIALIZED_AUTOS = YES_AGGRESSIVE;
				GCC_WARN_UNUSED_FUNCTION = YES;
				GCC_WARN_UNUSED_VARIABLE = YES;
				IPHONEOS_DEPLOYMENT_TARGET = 8.0;
				MTL_ENABLE_DEBUG_INFO = NO;
				SDKROOT = iphoneos;
				TARGETED_DEVICE_FAMILY = "1,2";
				VALIDATE_PRODUCT = YES;
			};
			name = Release;
		};
		5ECDBDCE19E3E21600ADABC8 /* Debug */ = {
			isa = XCBuildConfiguration;
			buildSettings = {
				ASSETCATALOG_COMPILER_APPICON_NAME = AppIcon;
				INFOPLIST_FILE = project/Info.plist;
				LD_RUNPATH_SEARCH_PATHS = "$(inherited) @executable_path/Frameworks";
				PRODUCT_NAME = "$(TARGET_NAME)";
			};
			name = Debug;
		};
		5ECDBDCF19E3E21600ADABC8 /* Release */ = {
			isa = XCBuildConfiguration;
			buildSettings = {
				ASSETCATALOG_COMPILER_APPICON_NAME = AppIcon;
				INFOPLIST_FILE = project/Info.plist;
				LD_RUNPATH_SEARCH_PATHS = "$(inherited) @executable_path/Frameworks";
				PRODUCT_NAME = "$(TARGET_NAME)";
			};
			name = Release;
		};
		5ECDBDD119E3E21600ADABC8 /* Debug */ = {
			isa = XCBuildConfiguration;
			buildSettings = {
				BUNDLE_LOADER = "$(TEST_HOST)";
				FRAMEWORK_SEARCH_PATHS = (
					"$(SDKROOT)/Developer/Library/Frameworks",
					"$(inherited)",
				);
				GCC_PREPROCESSOR_DEFINITIONS = (
					"DEBUG=1",
					"$(inherited)",
				);
				INFOPLIST_FILE = projectTests/Info.plist;
				LD_RUNPATH_SEARCH_PATHS = "$(inherited) @executable_path/Frameworks @loader_path/Frameworks";
				PRODUCT_NAME = "$(TARGET_NAME)";
				TEST_HOST = "$(BUILT_PRODUCTS_DIR)/project.app/project";
			};
			name = Debug;
		};
		5ECDBDD219E3E21600ADABC8 /* Release */ = {
			isa = XCBuildConfiguration;
			buildSettings = {
				BUNDLE_LOADER = "$(TEST_HOST)";
				FRAMEWORK_SEARCH_PATHS = (
					"$(SDKROOT)/Developer/Library/Frameworks",
					"$(inherited)",
				);
				INFOPLIST_FILE = projectTests/Info.plist;
				LD_RUNPATH_SEARCH_PATHS = "$(inherited) @executable_path/Frameworks @loader_path/Frameworks";
				PRODUCT_NAME = "$(TARGET_NAME)";
				TEST_HOST = "$(BUILT_PRODUCTS_DIR)/project.app/project";
			};
			name = Release;
		};
/* End XCBuildConfiguration section */

/* Begin XCConfigurationList section */
		5ECDBDA919E3E21500ADABC8 /* Build configuration list for PBXProject "project" */ = {
			isa = XCConfigurationList;
			buildConfigurations = (
				5ECDBDCB19E3E21600ADABC8 /* Debug */,
				5ECDBDCC19E3E21600ADABC8 /* Release */,
			);
			defaultConfigurationIsVisible = 0;
			defaultConfigurationName = Release;
		};
		5ECDBDCD19E3E21600ADABC8 /* Build configuration list for PBXNativeTarget "project" */ = {
			isa = XCConfigurationList;
			buildConfigurations = (
				5ECDBDCE19E3E21600ADABC8 /* Debug */,
				5ECDBDCF19E3E21600ADABC8 /* Release */,
			);
			defaultConfigurationIsVisible = 0;
		};
		5ECDBDD019E3E21600ADABC8 /* Build configuration list for PBXNativeTarget "projectTests" */ = {
			isa = XCConfigurationList;
			buildConfigurations = (
				5ECDBDD119E3E21600ADABC8 /* Debug */,
				5ECDBDD219E3E21600ADABC8 /* Release */,
			);
			defaultConfigurationIsVisible = 0;
		};
/* End XCConfigurationList section */
	};
	rootObject = 5ECDBDA619E3E21500ADABC8 /* Project object */;
}
